
Microsoft Visual Studio Solution File, Format Version 12.00
# Visual Studio 15
VisualStudioVersion = 15.0.27130.2027
MinimumVisualStudioVersion = 10.0.40219.1
Project("{FAE04EC0-301F-11D3-BF4B-00C04F79EFBC}") = "RestoreConsoleApp", "RestoreConsoleApp\RestoreConsoleApp.csproj", "{F366DD43-E389-4963-A107-FD96C96A54BC}"
EndProject
Project("{54435603-DBB4-11D2-8724-00A0C9A8B90C}") = "XvT TIE Fighter Campaign", "XvT TIE Fighter Campaign\XvT TIE Fighter Campaign.vdproj", "{3E7F5A2A-F473-45C9-AEDE-8054C98E3469}"
EndProject
Project("{FAE04EC0-301F-11D3-BF4B-00C04F79EFBC}") = "BackupConsoleApp", "BackupConsoleApp\BackupConsoleApp.csproj", "{31727226-F29A-4B2A-B0AF-2B5429A18FCD}"
EndProject
Global
	GlobalSection(SolutionConfigurationPlatforms) = preSolution
		Debug|Any CPU = Debug|Any CPU
		Release|Any CPU = Release|Any CPU
	EndGlobalSection
	GlobalSection(ProjectConfigurationPlatforms) = postSolution
		{F366DD43-E389-4963-A107-FD96C96A54BC}.Debug|Any CPU.ActiveCfg = Debug|Any CPU
		{F366DD43-E389-4963-A107-FD96C96A54BC}.Debug|Any CPU.Build.0 = Debug|Any CPU
		{F366DD43-E389-4963-A107-FD96C96A54BC}.Release|Any CPU.ActiveCfg = Release|Any CPU
		{F366DD43-E389-4963-A107-FD96C96A54BC}.Release|Any CPU.Build.0 = Release|Any CPU
		{3E7F5A2A-F473-45C9-AEDE-8054C98E3469}.Debug|Any CPU.ActiveCfg = Debug
		{3E7F5A2A-F473-45C9-AEDE-8054C98E3469}.Debug|Any CPU.Build.0 = Debug
		{3E7F5A2A-F473-45C9-AEDE-8054C98E3469}.Release|Any CPU.ActiveCfg = Release
		{3E7F5A2A-F473-45C9-AEDE-8054C98E3469}.Release|Any CPU.Build.0 = Release
		{31727226-F29A-4B2A-B0AF-2B5429A18FCD}.Debug|Any CPU.ActiveCfg = Debug|Any CPU
		{31727226-F29A-4B2A-B0AF-2B5429A18FCD}.Debug|Any CPU.Build.0 = Debug|Any CPU
		{31727226-F29A-4B2A-B0AF-2B5429A18FCD}.Release|Any CPU.ActiveCfg = Release|Any CPU
		{31727226-F29A-4B2A-B0AF-2B5429A18FCD}.Release|Any CPU.Build.0 = Release|Any CPU
	EndGlobalSection
	GlobalSection(SolutionProperties) = preSolution
		HideSolutionNode = FALSE
	EndGlobalSection
	GlobalSection(ExtensibilityGlobals) = postSolution
		SolutionGuid = {3175BC82-187E-42C7-AD12-A1128E30D7EF}
	EndGlobalSection
EndGlobal
